
Microsoft Visual Studio Solution File, Format Version 12.00
# Visual Studio 14
VisualStudioVersion = 14.0.24720.0
MinimumVisualStudioVersion = 10.0.40219.1
Project("{FAE04EC0-301F-11D3-BF4B-00C04F79EFBC}") = "BiasAndVarianceOfID3", "BiasAndVarianceOfID3\BiasAndVarianceOfID3.csproj", "{5EF0F8F0-DC83-4356-9B5D-22EDC1D501BD}"
EndProject
Project("{FAE04EC0-301F-11D3-BF4B-00C04F79EFBC}") = "HW1", "HW1\HW1.csproj", "{C32747D7-87FB-4255-9C17-16D190D8196B}"
EndProject
Project("{FAE04EC0-301F-11D3-BF4B-00C04F79EFBC}") = "EnsembleMethods", "EnsembleMethods\EnsembleMethods.csproj", "{43EB0F71-DABE-4182-986F-CCBE1B4CA183}"
EndProject
Global
	GlobalSection(SolutionConfigurationPlatforms) = preSolution
		Debug|Any CPU = Debug|Any CPU
		Release|Any CPU = Release|Any CPU
	EndGlobalSection
	GlobalSection(ProjectConfigurationPlatforms) = postSolution
		{5EF0F8F0-DC83-4356-9B5D-22EDC1D501BD}.Debug|Any CPU.ActiveCfg = Debug|Any CPU
		{5EF0F8F0-DC83-4356-9B5D-22EDC1D501BD}.Debug|Any CPU.Build.0 = Debug|Any CPU
		{5EF0F8F0-DC83-4356-9B5D-22EDC1D501BD}.Release|Any CPU.ActiveCfg = Release|Any CPU
		{5EF0F8F0-DC83-4356-9B5D-22EDC1D501BD}.Release|Any CPU.Build.0 = Release|Any CPU
		{C32747D7-87FB-4255-9C17-16D190D8196B}.Debug|Any CPU.ActiveCfg = Debug|Any CPU
		{C32747D7-87FB-4255-9C17-16D190D8196B}.Debug|Any CPU.Build.0 = Debug|Any CPU
		{C32747D7-87FB-4255-9C17-16D190D8196B}.Release|Any CPU.ActiveCfg = Release|Any CPU
		{C32747D7-87FB-4255-9C17-16D190D8196B}.Release|Any CPU.Build.0 = Release|Any CPU
		{43EB0F71-DABE-4182-986F-CCBE1B4CA183}.Debug|Any CPU.ActiveCfg = Debug|Any CPU
		{43EB0F71-DABE-4182-986F-CCBE1B4CA183}.Debug|Any CPU.Build.0 = Debug|Any CPU
		{43EB0F71-DABE-4182-986F-CCBE1B4CA183}.Release|Any CPU.ActiveCfg = Release|Any CPU
		{43EB0F71-DABE-4182-986F-CCBE1B4CA183}.Release|Any CPU.Build.0 = Release|Any CPU
	EndGlobalSection
	GlobalSection(SolutionProperties) = preSolution
		HideSolutionNode = FALSE
	EndGlobalSection
EndGlobal
